
Microsoft Visual Studio Solution File, Format Version 12.00
# Visual Studio Version 16
VisualStudioVersion = 16.0.28803.452
MinimumVisualStudioVersion = 10.0.40219.1
Project("{FAE04EC0-301F-11D3-BF4B-00C04F79EFBC}") = "Pediatric System", "Pediatric System\Pediatric System.csproj", "{1C60F7EA-A407-4F33-953D-4B33ACF98DC8}"
EndProject
Project("{FAE04EC0-301F-11D3-BF4B-00C04F79EFBC}") = "BL", "BL\BL.csproj", "{199F5D66-14D6-4296-A276-5931CCB262A0}"
EndProject
Project("{FAE04EC0-301F-11D3-BF4B-00C04F79EFBC}") = "DAO", "DAO\DAO.csproj", "{8D16FABB-78C4-43FE-B267-1DCB2D118532}"
EndProject
Project("{FAE04EC0-301F-11D3-BF4B-00C04F79EFBC}") = "TO", "TO\TO.csproj", "{1C715E59-2442-418D-8D67-F3527FDDAE6F}"
EndProject
Global
	GlobalSection(SolutionConfigurationPlatforms) = preSolution
		Debug|Any CPU = Debug|Any CPU
		Release|Any CPU = Release|Any CPU
	EndGlobalSection
	GlobalSection(ProjectConfigurationPlatforms) = postSolution
		{1C60F7EA-A407-4F33-953D-4B33ACF98DC8}.Debug|Any CPU.ActiveCfg = Debug|Any CPU
		{1C60F7EA-A407-4F33-953D-4B33ACF98DC8}.Debug|Any CPU.Build.0 = Debug|Any CPU
		{1C60F7EA-A407-4F33-953D-4B33ACF98DC8}.Release|Any CPU.ActiveCfg = Release|Any CPU
		{1C60F7EA-A407-4F33-953D-4B33ACF98DC8}.Release|Any CPU.Build.0 = Release|Any CPU
		{199F5D66-14D6-4296-A276-5931CCB262A0}.Debug|Any CPU.ActiveCfg = Debug|Any CPU
		{199F5D66-14D6-4296-A276-5931CCB262A0}.Debug|Any CPU.Build.0 = Debug|Any CPU
		{199F5D66-14D6-4296-A276-5931CCB262A0}.Release|Any CPU.ActiveCfg = Release|Any CPU
		{199F5D66-14D6-4296-A276-5931CCB262A0}.Release|Any CPU.Build.0 = Release|Any CPU
		{8D16FABB-78C4-43FE-B267-1DCB2D118532}.Debug|Any CPU.ActiveCfg = Debug|Any CPU
		{8D16FABB-78C4-43FE-B267-1DCB2D118532}.Debug|Any CPU.Build.0 = Debug|Any CPU
		{8D16FABB-78C4-43FE-B267-1DCB2D118532}.Release|Any CPU.ActiveCfg = Release|Any CPU
		{8D16FABB-78C4-43FE-B267-1DCB2D118532}.Release|Any CPU.Build.0 = Release|Any CPU
		{1C715E59-2442-418D-8D67-F3527FDDAE6F}.Debug|Any CPU.ActiveCfg = Debug|Any CPU
		{1C715E59-2442-418D-8D67-F3527FDDAE6F}.Debug|Any CPU.Build.0 = Debug|Any CPU
		{1C715E59-2442-418D-8D67-F3527FDDAE6F}.Release|Any CPU.ActiveCfg = Release|Any CPU
		{1C715E59-2442-418D-8D67-F3527FDDAE6F}.Release|Any CPU.Build.0 = Release|Any CPU
	EndGlobalSection
	GlobalSection(SolutionProperties) = preSolution
		HideSolutionNode = FALSE
	EndGlobalSection
	GlobalSection(ExtensibilityGlobals) = postSolution
		SolutionGuid = {D6D43F84-E2EB-4215-915D-850C5F5AD94A}
	EndGlobalSection
EndGlobal
